
Microsoft Visual Studio Solution File, Format Version 12.00
# Visual Studio Version 17
VisualStudioVersion = 17.9.34616.47
MinimumVisualStudioVersion = 10.0.40219.1
Project("{FAE04EC0-301F-11D3-BF4B-00C04F79EFBC}") = "MBServer", "MBServer\MBServer.csproj", "{DC62AC02-1A56-406F-B077-0264DD393F45}"
EndProject
Global
	GlobalSection(SolutionConfigurationPlatforms) = preSolution
		Debug|Any CPU = Debug|Any CPU
		Release|Any CPU = Release|Any CPU
	EndGlobalSection
	GlobalSection(ProjectConfigurationPlatforms) = postSolution
		{DC62AC02-1A56-406F-B077-0264DD393F45}.Debug|Any CPU.ActiveCfg = Debug|Any CPU
		{DC62AC02-1A56-406F-B077-0264DD393F45}.Debug|Any CPU.Build.0 = Debug|Any CPU
		{DC62AC02-1A56-406F-B077-0264DD393F45}.Release|Any CPU.ActiveCfg = Release|Any CPU
		{DC62AC02-1A56-406F-B077-0264DD393F45}.Release|Any CPU.Build.0 = Release|Any CPU
	EndGlobalSection
	GlobalSection(SolutionProperties) = preSolution
		HideSolutionNode = FALSE
	EndGlobalSection
	GlobalSection(ExtensibilityGlobals) = postSolution
		SolutionGuid = {7B8FB641-B1B3-43A9-B353-4D8C83F79E12}
	EndGlobalSection
EndGlobal
